
Microsoft Visual Studio Solution File, Format Version 12.00
# Visual Studio Version 17
VisualStudioVersion = 17.14.36127.28
MinimumVisualStudioVersion = 10.0.40219.1
Project("{FAE04EC0-301F-11D3-BF4B-00C04F79EFBC}") = "BPEngine.Cli", "src\BPEngine.Cli\BPEngine.Cli.csproj", "{0CBF3443-197F-4623-9895-D9A907159CBB}"
EndProject
Project("{2150E333-8FDC-42A3-9474-1A3956D46DE8}") = "src", "src", "{02EA681E-C7D8-13C7-8484-4AC65E1B71E8}"
EndProject
Project("{2150E333-8FDC-42A3-9474-1A3956D46DE8}") = "data", "data", "{58D294C7-DA00-4EC6-8514-5B83325DA2C2}"
	ProjectSection(SolutionItems) = preProject
		BIG_gpt2_merges.txt = BIG_gpt2_merges.txt
		BIG_vocab.json = BIG_vocab.json
		data\gpt2_merges.txt = data\gpt2_merges.txt
		TOKENIZER_DATA_GUIDE.md = TOKENIZER_DATA_GUIDE.md
		data\vocab.json = data\vocab.json
	EndProjectSection
EndProject
Project("{2150E333-8FDC-42A3-9474-1A3956D46DE8}") = "Solution Items", "Solution Items", "{8EC462FD-D22E-90A8-E5CE-7E832BA40C5D}"
	ProjectSection(SolutionItems) = preProject
		howto.txt = howto.txt
		README.md = README.md
		TryIt.txt = TryIt.txt
	EndProjectSection
EndProject
Project("{2150E333-8FDC-42A3-9474-1A3956D46DE8}") = "test", "test", "{3C311F5C-AA80-456A-B55E-218838061A23}"
EndProject
Project("{FAE04EC0-301F-11D3-BF4B-00C04F79EFBC}") = "BPEngine.Trainer", "src\BPEngine.Trainer\BPEngine.Trainer.csproj", "{BB557342-6D64-446C-AFC8-947FBFAE87AE}"
EndProject
Project("{FAE04EC0-301F-11D3-BF4B-00C04F79EFBC}") = "BPEngine.Tokenizer", "src\BPEngine.Tokenizer\BPEngine.Tokenizer.csproj", "{7987F5D6-55D4-485B-A587-8CD43A85CCC5}"
EndProject
Project("{FAE04EC0-301F-11D3-BF4B-00C04F79EFBC}") = "BPEngine.Model", "src\BEEngine.Model\BPEngine.Model.csproj", "{F8418F57-2F20-42D6-B8B9-3069AFCF19C6}"
EndProject
Project("{FAE04EC0-301F-11D3-BF4B-00C04F79EFBC}") = "BPEngine.Transformers", "src\BPEngine.Transformers\BPEngine.Transformers.csproj", "{02CE455B-BF68-4FFC-8927-3F1D8D34E946}"
EndProject
Project("{2150E333-8FDC-42A3-9474-1A3956D46DE8}") = "docs", "docs", "{44FD0095-1E35-4144-AE26-425019522E68}"
	ProjectSection(SolutionItems) = preProject
		features.md = features.md
		HowTo.md = HowTo.md
	EndProjectSection
EndProject
Project("{FAE04EC0-301F-11D3-BF4B-00C04F79EFBC}") = "BPEngine.Test", "test\BPEngine.Test\BPEngine.Test.csproj", "{8EAC3F39-2F3E-415E-AB81-807DD26884F0}"
	ProjectSection(ProjectDependencies) = postProject
		{0CBF3443-197F-4623-9895-D9A907159CBB} = {0CBF3443-197F-4623-9895-D9A907159CBB}
		{4C66BB3D-4B38-43F1-8C33-630411E8A79D} = {4C66BB3D-4B38-43F1-8C33-630411E8A79D}
		{7556FBEB-E2DD-4E8D-B936-116560B86B11} = {7556FBEB-E2DD-4E8D-B936-116560B86B11}
		{BB557342-6D64-446C-AFC8-947FBFAE87AE} = {BB557342-6D64-446C-AFC8-947FBFAE87AE}
		{F5A85C66-CCF4-4CA1-9674-E3814D24FFA9} = {F5A85C66-CCF4-4CA1-9674-E3814D24FFA9}
		{F8418F57-2F20-42D6-B8B9-3069AFCF19C6} = {F8418F57-2F20-42D6-B8B9-3069AFCF19C6}
	EndProjectSection
EndProject
Project("{2150E333-8FDC-42A3-9474-1A3956D46DE8}") = "demo", "demo", "{094F3F2B-ADBD-4A8C-8420-79A93CB1056C}"
	ProjectSection(SolutionItems) = preProject
		data\itsm-demo\BIG_gpt2_merges.txt = data\itsm-demo\BIG_gpt2_merges.txt
		data\itsm-demo\BIG_vocab.json = data\itsm-demo\BIG_vocab.json
		data\itsm-demo\corpus.txt = data\itsm-demo\corpus.txt
		data\itsm-demo\DEMO.md = data\itsm-demo\DEMO.md
	EndProjectSection
EndProject
Project("{FAE04EC0-301F-11D3-BF4B-00C04F79EFBC}") = "BPEngine.Generation", "src\BPEngine.Generation\BPEngine.Generation.csproj", "{4C66BB3D-4B38-43F1-8C33-630411E8A79D}"
EndProject
Project("{FAE04EC0-301F-11D3-BF4B-00C04F79EFBC}") = "BPEngine.RAG", "BPEngine.RAG\BPEngine.RAG.csproj", "{F5A85C66-CCF4-4CA1-9674-E3814D24FFA9}"
EndProject
Project("{FAE04EC0-301F-11D3-BF4B-00C04F79EFBC}") = "BPEngine.SDK", "src\BPEngine.SDK\BPEngine.SDK.csproj", "{7556FBEB-E2DD-4E8D-B936-116560B86B11}"
EndProject
Project("{FAE04EC0-301F-11D3-BF4B-00C04F79EFBC}") = "BPEngine.Sandbox.Web", "src\BPEngine.Sandbox.Web\BPEngine.Sandbox.Web.csproj", "{99C7A171-0D82-429F-BDEC-B0D7ED021634}"
EndProject
Global
	GlobalSection(SolutionConfigurationPlatforms) = preSolution
		Debug|Any CPU = Debug|Any CPU
		Release|Any CPU = Release|Any CPU
	EndGlobalSection
	GlobalSection(ProjectConfigurationPlatforms) = postSolution
		{0CBF3443-197F-4623-9895-D9A907159CBB}.Debug|Any CPU.ActiveCfg = Debug|Any CPU
		{0CBF3443-197F-4623-9895-D9A907159CBB}.Debug|Any CPU.Build.0 = Debug|Any CPU
		{0CBF3443-197F-4623-9895-D9A907159CBB}.Release|Any CPU.ActiveCfg = Release|Any CPU
		{0CBF3443-197F-4623-9895-D9A907159CBB}.Release|Any CPU.Build.0 = Release|Any CPU
		{BB557342-6D64-446C-AFC8-947FBFAE87AE}.Debug|Any CPU.ActiveCfg = Debug|Any CPU
		{BB557342-6D64-446C-AFC8-947FBFAE87AE}.Debug|Any CPU.Build.0 = Debug|Any CPU
		{BB557342-6D64-446C-AFC8-947FBFAE87AE}.Release|Any CPU.ActiveCfg = Release|Any CPU
		{BB557342-6D64-446C-AFC8-947FBFAE87AE}.Release|Any CPU.Build.0 = Release|Any CPU
		{7987F5D6-55D4-485B-A587-8CD43A85CCC5}.Debug|Any CPU.ActiveCfg = Debug|Any CPU
		{7987F5D6-55D4-485B-A587-8CD43A85CCC5}.Debug|Any CPU.Build.0 = Debug|Any CPU
		{7987F5D6-55D4-485B-A587-8CD43A85CCC5}.Release|Any CPU.ActiveCfg = Release|Any CPU
		{7987F5D6-55D4-485B-A587-8CD43A85CCC5}.Release|Any CPU.Build.0 = Release|Any CPU
		{F8418F57-2F20-42D6-B8B9-3069AFCF19C6}.Debug|Any CPU.ActiveCfg = Debug|Any CPU
		{F8418F57-2F20-42D6-B8B9-3069AFCF19C6}.Debug|Any CPU.Build.0 = Debug|Any CPU
		{F8418F57-2F20-42D6-B8B9-3069AFCF19C6}.Release|Any CPU.ActiveCfg = Release|Any CPU
		{F8418F57-2F20-42D6-B8B9-3069AFCF19C6}.Release|Any CPU.Build.0 = Release|Any CPU
		{02CE455B-BF68-4FFC-8927-3F1D8D34E946}.Debug|Any CPU.ActiveCfg = Debug|Any CPU
		{02CE455B-BF68-4FFC-8927-3F1D8D34E946}.Debug|Any CPU.Build.0 = Debug|Any CPU
		{02CE455B-BF68-4FFC-8927-3F1D8D34E946}.Release|Any CPU.ActiveCfg = Release|Any CPU
		{02CE455B-BF68-4FFC-8927-3F1D8D34E946}.Release|Any CPU.Build.0 = Release|Any CPU
		{8EAC3F39-2F3E-415E-AB81-807DD26884F0}.Debug|Any CPU.ActiveCfg = Debug|Any CPU
		{8EAC3F39-2F3E-415E-AB81-807DD26884F0}.Debug|Any CPU.Build.0 = Debug|Any CPU
		{8EAC3F39-2F3E-415E-AB81-807DD26884F0}.Release|Any CPU.ActiveCfg = Release|Any CPU
		{8EAC3F39-2F3E-415E-AB81-807DD26884F0}.Release|Any CPU.Build.0 = Release|Any CPU
		{4C66BB3D-4B38-43F1-8C33-630411E8A79D}.Debug|Any CPU.ActiveCfg = Debug|Any CPU
		{4C66BB3D-4B38-43F1-8C33-630411E8A79D}.Debug|Any CPU.Build.0 = Debug|Any CPU
		{4C66BB3D-4B38-43F1-8C33-630411E8A79D}.Release|Any CPU.ActiveCfg = Release|Any CPU
		{4C66BB3D-4B38-43F1-8C33-630411E8A79D}.Release|Any CPU.Build.0 = Release|Any CPU
		{F5A85C66-CCF4-4CA1-9674-E3814D24FFA9}.Debug|Any CPU.ActiveCfg = Debug|Any CPU
		{F5A85C66-CCF4-4CA1-9674-E3814D24FFA9}.Debug|Any CPU.Build.0 = Debug|Any CPU
		{F5A85C66-CCF4-4CA1-9674-E3814D24FFA9}.Release|Any CPU.ActiveCfg = Release|Any CPU
		{F5A85C66-CCF4-4CA1-9674-E3814D24FFA9}.Release|Any CPU.Build.0 = Release|Any CPU
		{7556FBEB-E2DD-4E8D-B936-116560B86B11}.Debug|Any CPU.ActiveCfg = Debug|Any CPU
		{7556FBEB-E2DD-4E8D-B936-116560B86B11}.Debug|Any CPU.Build.0 = Debug|Any CPU
		{7556FBEB-E2DD-4E8D-B936-116560B86B11}.Release|Any CPU.ActiveCfg = Release|Any CPU
		{7556FBEB-E2DD-4E8D-B936-116560B86B11}.Release|Any CPU.Build.0 = Release|Any CPU
		{99C7A171-0D82-429F-BDEC-B0D7ED021634}.Debug|Any CPU.ActiveCfg = Debug|Any CPU
		{99C7A171-0D82-429F-BDEC-B0D7ED021634}.Debug|Any CPU.Build.0 = Debug|Any CPU
		{99C7A171-0D82-429F-BDEC-B0D7ED021634}.Release|Any CPU.ActiveCfg = Release|Any CPU
		{99C7A171-0D82-429F-BDEC-B0D7ED021634}.Release|Any CPU.Build.0 = Release|Any CPU
	EndGlobalSection
	GlobalSection(SolutionProperties) = preSolution
		HideSolutionNode = FALSE
	EndGlobalSection
	GlobalSection(NestedProjects) = preSolution
		{0CBF3443-197F-4623-9895-D9A907159CBB} = {02EA681E-C7D8-13C7-8484-4AC65E1B71E8}
		{BB557342-6D64-446C-AFC8-947FBFAE87AE} = {02EA681E-C7D8-13C7-8484-4AC65E1B71E8}
		{7987F5D6-55D4-485B-A587-8CD43A85CCC5} = {02EA681E-C7D8-13C7-8484-4AC65E1B71E8}
		{F8418F57-2F20-42D6-B8B9-3069AFCF19C6} = {02EA681E-C7D8-13C7-8484-4AC65E1B71E8}
		{02CE455B-BF68-4FFC-8927-3F1D8D34E946} = {02EA681E-C7D8-13C7-8484-4AC65E1B71E8}
		{8EAC3F39-2F3E-415E-AB81-807DD26884F0} = {3C311F5C-AA80-456A-B55E-218838061A23}
		{094F3F2B-ADBD-4A8C-8420-79A93CB1056C} = {58D294C7-DA00-4EC6-8514-5B83325DA2C2}
		{4C66BB3D-4B38-43F1-8C33-630411E8A79D} = {02EA681E-C7D8-13C7-8484-4AC65E1B71E8}
		{F5A85C66-CCF4-4CA1-9674-E3814D24FFA9} = {02EA681E-C7D8-13C7-8484-4AC65E1B71E8}
		{7556FBEB-E2DD-4E8D-B936-116560B86B11} = {02EA681E-C7D8-13C7-8484-4AC65E1B71E8}
		{99C7A171-0D82-429F-BDEC-B0D7ED021634} = {02EA681E-C7D8-13C7-8484-4AC65E1B71E8}
	EndGlobalSection
	GlobalSection(ExtensibilityGlobals) = postSolution
		SolutionGuid = {1FEA448E-D12D-4089-8EDD-8DEB296F2F68}
	EndGlobalSection
EndGlobal
